
Microsoft Visual Studio Solution File, Format Version 12.00
# Visual Studio Version 17
VisualStudioVersion = 17.10.35122.118
MinimumVisualStudioVersion = 10.0.40219.1
Project("{FAE04EC0-301F-11D3-BF4B-00C04F79EFBC}") = "Upskilling", "Upskilling\Upskilling.csproj", "{D2305D29-32AC-4A74-A939-E12ECEC2914D}"
EndProject
Global
	GlobalSection(SolutionConfigurationPlatforms) = preSolution
		Debug|Any CPU = Debug|Any CPU
		Release|Any CPU = Release|Any CPU
	EndGlobalSection
	GlobalSection(ProjectConfigurationPlatforms) = postSolution
		{D2305D29-32AC-4A74-A939-E12ECEC2914D}.Debug|Any CPU.ActiveCfg = Debug|Any CPU
		{D2305D29-32AC-4A74-A939-E12ECEC2914D}.Debug|Any CPU.Build.0 = Debug|Any CPU
		{D2305D29-32AC-4A74-A939-E12ECEC2914D}.Release|Any CPU.ActiveCfg = Release|Any CPU
		{D2305D29-32AC-4A74-A939-E12ECEC2914D}.Release|Any CPU.Build.0 = Release|Any CPU
	EndGlobalSection
	GlobalSection(SolutionProperties) = preSolution
		HideSolutionNode = FALSE
	EndGlobalSection
	GlobalSection(ExtensibilityGlobals) = postSolution
		SolutionGuid = {78011932-6882-4DCB-B674-8AB3311E228C}
	EndGlobalSection
EndGlobal
